
Microsoft Visual Studio Solution File, Format Version 12.00
# Visual Studio Version 17
VisualStudioVersion = 17.14.36811.4 d17.14
MinimumVisualStudioVersion = 10.0.40219.1
Project("{FAE04EC0-301F-11D3-BF4B-00C04F79EFBC}") = "AI_Interviwer", "AI_Interviwer\AI_Interviwer.csproj", "{BE2B79FC-9B48-4A2B-8B5E-AAAEAA899CD3}"
EndProject
Global
	GlobalSection(SolutionConfigurationPlatforms) = preSolution
		Debug|Any CPU = Debug|Any CPU
		Release|Any CPU = Release|Any CPU
	EndGlobalSection
	GlobalSection(ProjectConfigurationPlatforms) = postSolution
		{BE2B79FC-9B48-4A2B-8B5E-AAAEAA899CD3}.Debug|Any CPU.ActiveCfg = Debug|Any CPU
		{BE2B79FC-9B48-4A2B-8B5E-AAAEAA899CD3}.Debug|Any CPU.Build.0 = Debug|Any CPU
		{BE2B79FC-9B48-4A2B-8B5E-AAAEAA899CD3}.Release|Any CPU.ActiveCfg = Release|Any CPU
		{BE2B79FC-9B48-4A2B-8B5E-AAAEAA899CD3}.Release|Any CPU.Build.0 = Release|Any CPU
	EndGlobalSection
	GlobalSection(SolutionProperties) = preSolution
		HideSolutionNode = FALSE
	EndGlobalSection
	GlobalSection(ExtensibilityGlobals) = postSolution
		SolutionGuid = {5DA72346-8A65-4A92-AB28-0F299C09E9D8}
	EndGlobalSection
EndGlobal
